PODS:
  - AppAuth (1.5.0):
    - AppAuth/Core (= 1.5.0)
    - AppAuth/ExternalUserAgent (= 1.5.0)
  - AppAuth/Core (1.5.0)
  - AppAuth/ExternalUserAgent (1.5.0):
    - AppAuth/Core
  - FBAEMKit (13.2.0):
    - FBSDKCoreKit_Basics (= 13.2.0)
  - FBSDKCoreKit (13.2.0):
    - FBAEMKit (= 13.2.0)
    - FBSDKCoreKit_Basics (= 13.2.0)
  - FBSDKCoreKit_Basics (13.2.0)
  - FBSDKLoginKit (13.2.0):
    - FBSDKCoreKit (= 13.2.0)
  - Flutter (1.0.0)
  - flutter_facebook_auth (4.3.4):
    - FBSDKLoginKit (~> 13.2.0)
    - Flutter
  - google_maps_flutter (0.0.1):
    - Flutter
    - GoogleMaps
  - google_sign_in_ios (0.0.1):
    - Flutter
    - GoogleSignIn (~> 6.2)
  - GoogleMaps (6.2.1):
    - GoogleMaps/Maps (= 6.2.1)
  - GoogleMaps/Base (6.2.1)
  - GoogleMaps/Maps (6.2.1):
    - GoogleMaps/Base
  - GoogleSignIn (6.2.1):
    - AppAuth (~> 1.5)
    - GTMAppAuth (~> 1.3)
    - GTMSessionFetcher/Core (~> 1.1)
  - GTMAppAuth (1.3.0):
    - AppAuth/Core (~> 1.4)
    - GTMSessionFetcher/Core (~> 1.5)
  - GTMSessionFetcher/Core (1.7.2)
  - package_info_plus (0.4.5):
    - Flutter
  - permission_handler_apple (9.0.4):
    - Flutter
  - sign_in_with_apple (0.0.1):
    - Flutter

DEPENDENCIES:
  - Flutter (from `Flutter`)
  - flutter_facebook_auth (from `.symlinks/plugins/flutter_facebook_auth/ios`)
  - google_maps_flutter (from `.symlinks/plugins/google_maps_flutter/ios`)
  - google_sign_in_ios (from `.symlinks/plugins/google_sign_in_ios/ios`)
  - package_info_plus (from `.symlinks/plugins/package_info_plus/ios`)
  - permission_handler_apple (from `.symlinks/plugins/permission_handler_apple/ios`)
  - sign_in_with_apple (from `.symlinks/plugins/sign_in_with_apple/ios`)

SPEC REPOS:
  trunk:
    - AppAuth
    - FBAEMKit
    - FBSDKCoreKit
    - FBSDKCoreKit_Basics
    - FBSDKLoginKit
    - GoogleMaps
    - GoogleSignIn
    - GTMAppAuth
    - GTMSessionFetcher

EXTERNAL SOURCES:
  Flutter:
    :path: Flutter
  flutter_facebook_auth:
    :path: ".symlinks/plugins/flutter_facebook_auth/ios"
  google_maps_flutter:
    :path: ".symlinks/plugins/google_maps_flutter/ios"
  google_sign_in_ios:
    :path: ".symlinks/plugins/google_sign_in_ios/ios"
  package_info_plus:
    :path: ".symlinks/plugins/package_info_plus/ios"
  permission_handler_apple:
    :path: ".symlinks/plugins/permission_handler_apple/ios"
  sign_in_with_apple:
    :path: ".symlinks/plugins/sign_in_with_apple/ios"

SPEC CHECKSUMS:
  AppAuth: 80317d99ac7ff2801a2f18ff86b48cd315ed465d
  FBAEMKit: c2b2895363b7e57192013d1dc49fdf498b28624c
  FBSDKCoreKit: 58139803d861e72c7661dc875611a759352a55ac
  FBSDKCoreKit_Basics: 1ffc68326a5ece051d85574f02a0adcf27c2a5f2
  FBSDKLoginKit: 19e2a878556c2ee4f20486dc406e582783cd7578
  Flutter: 50d75fe2f02b26cc09d224853bb45737f8b3214a
  flutter_facebook_auth: 15cb21b480686decd54d40ba19bce27f6cca0dc5
  google_maps_flutter: c59fc576c0d0c7f4dc4bd63832c862d22d5a7c6d
  google_sign_in_ios: 90eec6616c4c2105b9f9fe5c774773d13565b504
  GoogleMaps: 20d7b12be49a14287f797e88e0e31bc4156aaeb4
  GoogleSignIn: 9c69f4188921d8f789816e4c99ba2a1f5f868ddc
  GTMAppAuth: 4d8f864896f3646f0c33baf38a28362f4c601e15
  GTMSessionFetcher: 5595ec75acf5be50814f81e9189490412bad82ba
  package_info_plus: 6c92f08e1f853dc01228d6f553146438dafcd14e
  permission_handler_apple: 44366e37eaf29454a1e7b1b7d736c2cceaeb17ce
  sign_in_with_apple: f3bf75217ea4c2c8b91823f225d70230119b8440

PODFILE CHECKSUM: 7d65c34c53bf256360089e190021753ea2c6c54e

COCOAPODS: 1.11.3
